
Microsoft Visual Studio Solution File, Format Version 12.00
# Visual Studio Version 17
VisualStudioVersion = 17.5.002.0
MinimumVisualStudioVersion = 10.0.40219.1
Project("{9A19103F-16F7-4668-BE54-9A1E7A4F7556}") = "ECommerceApp", "ECommerceApp.csproj", "{10F9CAFD-22B7-4682-BB83-DF3BCF9AA1C5}"
EndProject
Global
	GlobalSection(SolutionConfigurationPlatforms) = preSolution
		Debug|Any CPU = Debug|Any CPU
		Release|Any CPU = Release|Any CPU
	EndGlobalSection
	GlobalSection(ProjectConfigurationPlatforms) = postSolution
		{10F9CAFD-22B7-4682-BB83-DF3BCF9AA1C5}.Debug|Any CPU.ActiveCfg = Debug|Any CPU
		{10F9CAFD-22B7-4682-BB83-DF3BCF9AA1C5}.Debug|Any CPU.Build.0 = Debug|Any CPU
		{10F9CAFD-22B7-4682-BB83-DF3BCF9AA1C5}.Release|Any CPU.ActiveCfg = Release|Any CPU
		{10F9CAFD-22B7-4682-BB83-DF3BCF9AA1C5}.Release|Any CPU.Build.0 = Release|Any CPU
	EndGlobalSection
	GlobalSection(SolutionProperties) = preSolution
		HideSolutionNode = FALSE
	EndGlobalSection
	GlobalSection(ExtensibilityGlobals) = postSolution
		SolutionGuid = {C9D98F01-1A05-4E49-A1B3-4721793D80DB}
	EndGlobalSection
EndGlobal
